
Microsoft Visual Studio Solution File, Format Version 12.00
# Visual Studio Version 17
VisualStudioVersion = 17.12.35527.113 d17.12
MinimumVisualStudioVersion = 10.0.40219.1
Project("{FAE04EC0-301F-11D3-BF4B-00C04F79EFBC}") = "SnapTranslator", "SnapTranslator\SnapTranslator.csproj", "{4C3D9A9B-F9B6-44C4-A826-B7E5C586634C}"
EndProject
Global
	GlobalSection(SolutionConfigurationPlatforms) = preSolution
		Debug|Any CPU = Debug|Any CPU
		Release|Any CPU = Release|Any CPU
	EndGlobalSection
	GlobalSection(ProjectConfigurationPlatforms) = postSolution
		{4C3D9A9B-F9B6-44C4-A826-B7E5C586634C}.Debug|Any CPU.ActiveCfg = Debug|Any CPU
		{4C3D9A9B-F9B6-44C4-A826-B7E5C586634C}.Debug|Any CPU.Build.0 = Debug|Any CPU
		{4C3D9A9B-F9B6-44C4-A826-B7E5C586634C}.Release|Any CPU.ActiveCfg = Release|Any CPU
		{4C3D9A9B-F9B6-44C4-A826-B7E5C586634C}.Release|Any CPU.Build.0 = Release|Any CPU
	EndGlobalSection
	GlobalSection(SolutionProperties) = preSolution
		HideSolutionNode = FALSE
	EndGlobalSection
EndGlobal
